{
  "R": {
    "Version": "4.3.0",
    "Repositories": [
      {
        "Name": "CRAN",
        "URL": "https://cloud.r-project.org"
      }
    ]
  },
  "Packages": {
    "depmixS4": {
      "Package": "depmixS4",
      "Version": "1.5-0",
      "Source": "Repository",
      "Repository": "CRAN"
    },
    "MSwM": {
      "Package": "MSwM",
      "Version": "1.5",
      "Source": "Repository",
      "Repository": "CRAN"
    },
    "rstanarm": {
      "Package": "rstanarm",
      "Version": "2.32.1",
      "Source": "Repository",
      "Repository": "CRAN"
    },
    "rstan": {
      "Package": "rstan",
      "Version": "2.32.6",
      "Source": "Repository",
      "Repository": "CRAN"
    },
    "MCMCpack": {
      "Package": "MCMCpack",
      "Version": "1.7-1",
      "Source": "Repository",
      "Repository": "CRAN"
    },
    "changepoint": {
      "Package": "changepoint",
      "Version": "2.2.4",
      "Source": "Repository",
      "Repository": "CRAN"
    },
    "jsonlite": {
      "Package": "jsonlite",
      "Version": "1.8.8",
      "Source": "Repository",
      "Repository": "CRAN"
    },
    "zoo": {
      "Package": "zoo",
      "Version": "1.8-12",
      "Source": "Repository",
      "Repository": "CRAN"
    }
  }
}
